{
    "_readme": [
        "This file locks the dependencies of your project to a known state",
        "Read more about it at https://getcomposer.org/doc/01-basic-usage.md#installing-dependencies",
        "This file is @generated automatically"
    ],
    "content-hash": "edd604f118287edc82e1d2552f4edcc1",
    "packages": [
        {
            "name": "mvanvu/php-filter",
            "version": "1.0.3",
            "source": {
                "type": "git",
                "url": "https://github.com/mvanvu/php-filter.git",
                "reference": "9c9f3d55356b476af0f29f5fd7abe354337017ea"
            },
            "dist": {
                "type": "zip",
                "url": "https://api.github.com/repos/mvanvu/php-filter/zipball/9c9f3d55356b476af0f29f5fd7abe354337017ea",
                "reference": "9c9f3d55356b476af0f29f5fd7abe354337017ea",
                "shasum": ""
            },
            "require": {
                "ext-json": "*",
                "php": ">=5.5"
            },
            "type": "php",
            "autoload": {
                "psr-4": {
                    "MaiVu\\Php\\": "src/"
                }
            },
            "notification-url": "https://packagist.org/downloads/",
            "license": [
                "MIT"
            ],
            "authors": [
                {
                    "name": "Mai Vu",
                    "email": "maivubc@gmail.com",
                    "role": "Developer"
                }
            ],
            "description": "Php Input Filter package",
            "homepage": "https://github.com/mvanvu/php-filter",
            "keywords": [
                "filter",
                "input",
                "php"
            ],
            "support": {
                "issues": "https://github.com/mvanvu/php-filter/issues",
                "source": "https://github.com/mvanvu/php-filter/tree/1.0.3"
            },
            "time": "2020-11-17T01:58:41+00:00"
        },
        {
            "name": "mvanvu/php-registry",
            "version": "1.0.4",
            "source": {
                "type": "git",
                "url": "https://github.com/mvanvu/php-registry.git",
                "reference": "823e3afdc178458f0e5f1ab984891eb35f479620"
            },
            "dist": {
                "type": "zip",
                "url": "https://api.github.com/repos/mvanvu/php-registry/zipball/823e3afdc178458f0e5f1ab984891eb35f479620",
                "reference": "823e3afdc178458f0e5f1ab984891eb35f479620",
                "shasum": ""
            },
            "require": {
                "ext-json": "*",
                "mvanvu/php-filter": "~1.0",
                "php": ">=7.0"
            },
            "type": "php",
            "autoload": {
                "psr-4": {
                    "MaiVu\\Php\\": "src/"
                }
            },
            "notification-url": "https://packagist.org/downloads/",
            "license": [
                "MIT"
            ],
            "authors": [
                {
                    "name": "Mai Vu",
                    "email": "maivubc@gmail.com",
                    "role": "Developer"
                }
            ],
            "description": "Php Registry package",
            "homepage": "https://github.com/mvanvu/php-registry",
            "keywords": [
                "php",
                "registry"
            ],
            "support": {
                "issues": "https://github.com/mvanvu/php-registry/issues",
                "source": "https://github.com/mvanvu/php-registry/tree/1.0.4"
            },
            "time": "2020-12-23T01:41:52+00:00"
        }
    ],
    "packages-dev": [],
    "aliases": [],
    "minimum-stability": "dev",
    "stability-flags": [],
    "prefer-stable": false,
    "prefer-lowest": false,
    "platform": {
        "php": ">=7.1",
        "ext-json": "*",
        "ext-mbstring": "*"
    },
    "platform-dev": [],
    "plugin-api-version": "2.0.0"
}
